PODS:
  - Action (4.1.0):
    - RxCocoa (~> 5.0)
    - RxSwift (~> 5.0)
  - Alamofire (5.2.2)
  - Differentiator (4.0.1)
  - "NSObject+Rx (5.1.0)":
    - RxSwift (~> 5.1)
  - ReachabilitySwift (4.3.1)
  - RxAlamofire (5.6.0):
    - RxAlamofire/Core (= 5.6.0)
  - RxAlamofire/Core (5.6.0):
    - Alamofire (~> 5.1)
    - RxSwift (~> 5.1)
  - RxCocoa (5.1.1):
    - RxRelay (~> 5)
    - RxSwift (~> 5)
  - RxDataSources (4.0.1):
    - Differentiator (~> 4.0)
    - RxCocoa (~> 5.0)
    - RxSwift (~> 5.0)
  - RxReachability (1.0.0):
    - ReachabilitySwift (~> 4.3.1)
    - RxCocoa (~> 5)
    - RxSwift (~> 5)
  - RxRelay (5.1.1):
    - RxSwift (~> 5)
  - RxSwift (5.1.1)
  - RxUIAlert (1.3.1):
    - RxCocoa
    - RxSwift
  - VK-ios-sdk (1.5.1)

DEPENDENCIES:
  - Action
  - Alamofire
  - "NSObject+Rx"
  - RxAlamofire
  - RxCocoa
  - RxDataSources
  - RxReachability
  - RxSwift
  - RxUIAlert
  - VK-ios-sdk

SPEC REPOS:
  trunk:
    - Action
    - Alamofire
    - Differentiator
    - "NSObject+Rx"
    - ReachabilitySwift
    - RxAlamofire
    - RxCocoa
    - RxDataSources
    - RxReachability
    - RxRelay
    - RxSwift
    - RxUIAlert
    - VK-ios-sdk

SPEC CHECKSUMS:
  Action: 79e6c5dc91e13eea045ab6744b3e5609086671aa
  Alamofire: 814429acc853c6c54ff123fc3d2ef66803823ce0
  Differentiator: 886080237d9f87f322641dedbc5be257061b0602
  "NSObject+Rx": fa6bbcc1ab1faa06b01466bc09b1e0692bbc5946
  ReachabilitySwift: 4032e2f59586e11e3b0ebe15b167abdd587a388b
  RxAlamofire: f34ddbab56fa2a36f99737f4d4ecc22288a1384f
  RxCocoa: 32065309a38d29b5b0db858819b5bf9ef038b601
  RxDataSources: efee07fa4de48477eca0a4611e6d11e2da9c1114
  RxReachability: 21d3e96f39bc166a21c357e923f47dec148ca97b
  RxRelay: d77f7d771495f43c556cbc43eebd1bb54d01e8e9
  RxSwift: 81470a2074fa8780320ea5fe4102807cb7118178
  RxUIAlert: 1f6df0b98b1a16143e2e377846fe01a70d561918
  VK-ios-sdk: 62a10b6571fbcda0657f455fedce7fedf55b4cd0

PODFILE CHECKSUM: 5a5b9b9d0e8b1867102668395330b77b39ae76c8

COCOAPODS: 1.9.3
